<?xml version="1.0" encoding="utf-8"?>
<Project ToolsVersion="4.0" xmlns="http://schemas.microsoft.com/developer/msbuild/2003">
  <ItemGroup>
    <Filter Include="Source Files">
      <UniqueIdentifier>{4FC737F1-C7A5-4376-A066-2A32D752A2FF}</UniqueIdentifier>
      <Extensions>cpp;c;cc;cxx;def;odl;idl;hpj;bat;asm;asmx</Extensions>
    </Filter>
    <Filter Include="Header Files">
      <UniqueIdentifier>{93995380-89BD-4b04-88EB-625FBE52EBFB}</UniqueIdentifier>
      <Extensions>h;hh;hpp;hxx;hm;inl;inc;xsd</Extensions>
    </Filter>
    <Filter Include="Resource Files">
      <UniqueIdentifier>{67DA6AB6-F800-4c08-8B7A-83BB121AAD01}</UniqueIdentifier>
      <Extensions>rc;ico;cur;bmp;dlg;rc2;rct;bin;rgs;gif;jpg;jpeg;jpe;resx;tiff;tif;png;wav;mfcribbon-ms</Extensions>
    </Filter>
  </ItemGroup>
  <ItemGroup>
    <Text Include="ReadMe.txt" />
  </ItemGroup>
  <ItemGroup>
    <ClInclude Include="HartreeFock.h">
      <Filter>Header Files</Filter>
    </ClInclude>
    <ClInclude Include="stdafx.h">
      <Filter>Header Files</Filter>
    </ClInclude>
    <ClInclude Include="targetver.h">
      <Filter>Header Files</Filter>
    </ClInclude>
    <ClInclude Include="MainFrm.h">
      <Filter>Header Files</Filter>
    </ClInclude>
    <ClInclude Include="HartreeFockDoc.h">
      <Filter>Header Files</Filter>
    </ClInclude>
    <ClInclude Include="HartreeFockView.h">
      <Filter>Header Files</Filter>
    </ClInclude>
    <ClInclude Include="Resource.h">
      <Filter>Header Files</Filter>
    </ClInclude>
    <ClInclude Include="Chart.h">
      <Filter>Header Files</Filter>
    </ClInclude>
    <ClInclude Include="ComputationThread.h">
      <Filter>Header Files</Filter>
    </ClInclude>
    <ClInclude Include="NumberEdit.h">
      <Filter>Header Files</Filter>
    </ClInclude>
    <ClInclude Include="OptionsPropertySheet.h">
      <Filter>Header Files</Filter>
    </ClInclude>
    <ClInclude Include="Vector3D.h">
      <Filter>Header Files</Filter>
    </ClInclude>
    <ClInclude Include="Atom.h">
      <Filter>Header Files</Filter>
    </ClInclude>
    <ClInclude Include="Molecule.h">
      <Filter>Header Files</Filter>
    </ClInclude>
    <ClInclude Include="Orbital.h">
      <Filter>Header Files</Filter>
    </ClInclude>
    <ClInclude Include="GaussianOrbital.h">
      <Filter>Header Files</Filter>
    </ClInclude>
    <ClInclude Include="ContractedGaussianOrbital.h">
      <Filter>Header Files</Filter>
    </ClInclude>
    <ClInclude Include="HartreeFockAlgorithm.h">
      <Filter>Header Files</Filter>
    </ClInclude>
    <ClInclude Include="QuantumNumbers.h">
      <Filter>Header Files</Filter>
    </ClInclude>
    <ClInclude Include="PrimitiveShell.h">
      <Filter>Header Files</Filter>
    </ClInclude>
    <ClInclude Include="MathUtils.h">
      <Filter>Header Files</Filter>
    </ClInclude>
    <ClInclude Include="Basis.h">
      <Filter>Header Files</Filter>
    </ClInclude>
    <ClInclude Include="ChemUtils.h">
      <Filter>Header Files</Filter>
    </ClInclude>
    <ClInclude Include="IntegralsRepository.h">
      <Filter>Header Files</Filter>
    </ClInclude>
    <ClInclude Include="QuantumMatrix.h">
      <Filter>Header Files</Filter>
    </ClInclude>
    <ClInclude Include="GaussianKinetic.h">
      <Filter>Header Files</Filter>
    </ClInclude>
    <ClInclude Include="GaussianOverlap.h">
      <Filter>Header Files</Filter>
    </ClInclude>
    <ClInclude Include="BoysFunction.h">
      <Filter>Header Files</Filter>
    </ClInclude>
    <ClInclude Include="GaussianNuclear.h">
      <Filter>Header Files</Filter>
    </ClInclude>
    <ClInclude Include="GaussianTwoElectrons.h">
      <Filter>Header Files</Filter>
    </ClInclude>
    <ClInclude Include="GaussianIntegral.h">
      <Filter>Header Files</Filter>
    </ClInclude>
    <ClInclude Include="TensorOrder3.h">
      <Filter>Header Files</Filter>
    </ClInclude>
    <ClInclude Include="TensorOrder4.h">
      <Filter>Header Files</Filter>
    </ClInclude>
    <ClInclude Include="Tensor.h">
      <Filter>Header Files</Filter>
    </ClInclude>
    <ClInclude Include="RestrictedHartreeFock.h">
      <Filter>Header Files</Filter>
    </ClInclude>
    <ClInclude Include="UnrestrictedHartreeFock.h">
      <Filter>Header Files</Filter>
    </ClInclude>
    <ClInclude Include="Options.h">
      <Filter>Header Files</Filter>
    </ClInclude>
    <ClInclude Include="MoleculePropertyPage.h">
      <Filter>Header Files</Filter>
    </ClInclude>
    <ClInclude Include="ChartPropertyPage.h">
      <Filter>Header Files</Filter>
    </ClInclude>
    <ClInclude Include="HartreeFockPropertyPage.h">
      <Filter>Header Files</Filter>
    </ClInclude>
    <ClInclude Include="ComputationPropertyPage.h">
      <Filter>Header Files</Filter>
    </ClInclude>
    <ClInclude Include="HartreeFockThread.h">
      <Filter>Header Files</Filter>
    </ClInclude>
    <ClInclude Include="BoysFunctions.h">
      <Filter>Header Files</Filter>
    </ClInclude>
    <ClInclude Include="Test.h">
      <Filter>Header Files</Filter>
    </ClInclude>
    <ClInclude Include="Constants.h">
      <Filter>Header Files</Filter>
    </ClInclude>
    <ClInclude Include="GaussianMoment.h">
      <Filter>Header Files</Filter>
    </ClInclude>
    <ClInclude Include="PostHFProperyPage.h">
      <Filter>Header Files</Filter>
    </ClInclude>
    <ClInclude Include="SpinOrbitalsElectronElectronIntegralsRepository.h">
      <Filter>Header Files</Filter>
    </ClInclude>
    <ClInclude Include="RestrictedCCSD.h">
      <Filter>Header Files</Filter>
    </ClInclude>
    <ClInclude Include="DIIS.h">
      <Filter>Header Files</Filter>
    </ClInclude>
    <ClInclude Include="RestrictedConfigurationIInteractionSingles.h">
      <Filter>Header Files</Filter>
    </ClInclude>
    <ClInclude Include="ChartAxis.h">
      <Filter>Header Files</Filter>
    </ClInclude>
    <ClInclude Include="DataSets.h">
      <Filter>Header Files</Filter>
    </ClInclude>
  </ItemGroup>
  <ItemGroup>
    <ClCompile Include="HartreeFock.cpp">
      <Filter>Source Files</Filter>
    </ClCompile>
    <ClCompile Include="stdafx.cpp">
      <Filter>Source Files</Filter>
    </ClCompile>
    <ClCompile Include="MainFrm.cpp">
      <Filter>Source Files</Filter>
    </ClCompile>
    <ClCompile Include="HartreeFockDoc.cpp">
      <Filter>Source Files</Filter>
    </ClCompile>
    <ClCompile Include="HartreeFockView.cpp">
      <Filter>Source Files</Filter>
    </ClCompile>
    <ClCompile Include="Chart.cpp">
      <Filter>Source Files</Filter>
    </ClCompile>
    <ClCompile Include="ComputationThread.cpp">
      <Filter>Source Files</Filter>
    </ClCompile>
    <ClCompile Include="NumberEdit.cpp">
      <Filter>Source Files</Filter>
    </ClCompile>
    <ClCompile Include="OptionsPropertySheet.cpp">
      <Filter>Source Files</Filter>
    </ClCompile>
    <ClCompile Include="Atom.cpp">
      <Filter>Source Files</Filter>
    </ClCompile>
    <ClCompile Include="Molecule.cpp">
      <Filter>Source Files</Filter>
    </ClCompile>
    <ClCompile Include="GaussianOrbital.cpp">
      <Filter>Source Files</Filter>
    </ClCompile>
    <ClCompile Include="ContractedGaussianOrbital.cpp">
      <Filter>Source Files</Filter>
    </ClCompile>
    <ClCompile Include="HartreeFockAlgorithm.cpp">
      <Filter>Source Files</Filter>
    </ClCompile>
    <ClCompile Include="PrimitiveShell.cpp">
      <Filter>Source Files</Filter>
    </ClCompile>
    <ClCompile Include="Orbital.cpp">
      <Filter>Source Files</Filter>
    </ClCompile>
    <ClCompile Include="MathUtils.cpp">
      <Filter>Source Files</Filter>
    </ClCompile>
    <ClCompile Include="Basis.cpp">
      <Filter>Source Files</Filter>
    </ClCompile>
    <ClCompile Include="ChemUtils.cpp">
      <Filter>Source Files</Filter>
    </ClCompile>
    <ClCompile Include="QuantumNumbers.cpp">
      <Filter>Source Files</Filter>
    </ClCompile>
    <ClCompile Include="IntegralsRepository.cpp">
      <Filter>Source Files</Filter>
    </ClCompile>
    <ClCompile Include="QuantumMatrix.cpp">
      <Filter>Source Files</Filter>
    </ClCompile>
    <ClCompile Include="GaussianKinetic.cpp">
      <Filter>Source Files</Filter>
    </ClCompile>
    <ClCompile Include="GaussianOverlap.cpp">
      <Filter>Source Files</Filter>
    </ClCompile>
    <ClCompile Include="BoysFunction.cpp">
      <Filter>Source Files</Filter>
    </ClCompile>
    <ClCompile Include="GaussianNuclear.cpp">
      <Filter>Source Files</Filter>
    </ClCompile>
    <ClCompile Include="GaussianTwoElectrons.cpp">
      <Filter>Source Files</Filter>
    </ClCompile>
    <ClCompile Include="GaussianIntegral.cpp">
      <Filter>Source Files</Filter>
    </ClCompile>
    <ClCompile Include="RestrictedHartreeFock.cpp">
      <Filter>Source Files</Filter>
    </ClCompile>
    <ClCompile Include="UnrestrictedHartreeFock.cpp">
      <Filter>Source Files</Filter>
    </ClCompile>
    <ClCompile Include="Options.cpp">
      <Filter>Source Files</Filter>
    </ClCompile>
    <ClCompile Include="MoleculePropertyPage.cpp">
      <Filter>Source Files</Filter>
    </ClCompile>
    <ClCompile Include="ChartPropertyPage.cpp">
      <Filter>Source Files</Filter>
    </ClCompile>
    <ClCompile Include="HartreeFockPropertyPage.cpp">
      <Filter>Source Files</Filter>
    </ClCompile>
    <ClCompile Include="ComputationPropertyPage.cpp">
      <Filter>Source Files</Filter>
    </ClCompile>
    <ClCompile Include="HartreeFockThread.cpp">
      <Filter>Source Files</Filter>
    </ClCompile>
    <ClCompile Include="BoysFunctions.cpp">
      <Filter>Source Files</Filter>
    </ClCompile>
    <ClCompile Include="Test.cpp">
      <Filter>Source Files</Filter>
    </ClCompile>
    <ClCompile Include="GaussianMoment.cpp">
      <Filter>Source Files</Filter>
    </ClCompile>
    <ClCompile Include="PostHFProperyPage.cpp">
      <Filter>Source Files</Filter>
    </ClCompile>
    <ClCompile Include="SpinOrbitalsElectronElectronIntegralsRepository.cpp">
      <Filter>Source Files</Filter>
    </ClCompile>
    <ClCompile Include="RestrictedCCSD.cpp">
      <Filter>Source Files</Filter>
    </ClCompile>
    <ClCompile Include="RestrictedConfigurationIInteractionSingles.cpp">
      <Filter>Source Files</Filter>
    </ClCompile>
    <ClCompile Include="ChartAxis.cpp">
      <Filter>Source Files</Filter>
    </ClCompile>
    <ClCompile Include="DataSets.cpp">
      <Filter>Source Files</Filter>
    </ClCompile>
    <ClCompile Include="RestrictedCCSDTriples.cpp">
      <Filter>Source Files</Filter>
    </ClCompile>
    <ClCompile Include="RestrictedCCSD_F.cpp">
      <Filter>Source Files</Filter>
    </ClCompile>
    <ClCompile Include="RestrictedCCSD_W.cpp">
      <Filter>Source Files</Filter>
    </ClCompile>
  </ItemGroup>
  <ItemGroup>
    <ResourceCompile Include="HartreeFock.rc">
      <Filter>Resource Files</Filter>
    </ResourceCompile>
  </ItemGroup>
  <ItemGroup>
    <Image Include="res\output_wnd.ico">
      <Filter>Resource Files</Filter>
    </Image>
    <Image Include="res\output_wnd_hc.ico">
      <Filter>Resource Files</Filter>
    </Image>
    <Image Include="UserImages.bmp">
      <Filter>Resource Files</Filter>
    </Image>
    <Image Include="res\HartreeFockDoc.ico">
      <Filter>Resource Files</Filter>
    </Image>
    <Image Include="res\HartreeFock.ico">
      <Filter>Resource Files</Filter>
    </Image>
    <Image Include="res\Toolbar.bmp">
      <Filter>Resource Files</Filter>
    </Image>
    <Image Include="res\Toolbar256.bmp">
      <Filter>Resource Files</Filter>
    </Image>
  </ItemGroup>
  <ItemGroup>
    <None Include="res\HartreeFock.rc2">
      <Filter>Resource Files</Filter>
    </None>
    <None Include="Vector3D.inl">
      <Filter>Source Files</Filter>
    </None>
  </ItemGroup>
</Project>